<?xml version="1.0" encoding="utf-8"?>
<Project ToolsVersion="4.0" xmlns="http://schemas.microsoft.com/developer/msbuild/2003">
  <ItemGroup>
    <ClCompile Include="..\..\src\GaussianElimination\main.cpp" />
    <ClCompile Include="..\..\src\GaussianElimination\GaussianElimination.cpp" />
    <ClCompile Include="..\..\src\GaussianElimination\InitializeSystem.cpp" />
  </ItemGroup>
  <ItemGroup>
    <ClInclude Include="..\..\src\GaussianElimination\GaussianElimination.h" />
    <ClInclude Include="..\..\src\GaussianElimination\ProblemState.h" />
  </ItemGroup>
  <ItemGroup>
    <None Include="..\..\src\GaussianElimination\InitializeSystem.h" />
  </ItemGroup>
</Project>